
Microsoft Visual Studio Solution File, Format Version 12.00
# Visual Studio Version 16
VisualStudioVersion = 16.0.29709.97
MinimumVisualStudioVersion = 10.0.40219.1
Project("{FAE04EC0-301F-11D3-BF4B-00C04F79EFBC}") = "buricmarioprovjeraznanja2zadatak", "buricmarioprovjeraznanja2zadatak\buricmarioprovjeraznanja2zadatak.csproj", "{E842DF74-213C-4FE6-84A3-B0D50473C88A}"
EndProject
Global
	GlobalSection(SolutionConfigurationPlatforms) = preSolution
		Debug|Any CPU = Debug|Any CPU
		Release|Any CPU = Release|Any CPU
	EndGlobalSection
	GlobalSection(ProjectConfigurationPlatforms) = postSolution
		{E842DF74-213C-4FE6-84A3-B0D50473C88A}.Debug|Any CPU.ActiveCfg = Debug|Any CPU
		{E842DF74-213C-4FE6-84A3-B0D50473C88A}.Debug|Any CPU.Build.0 = Debug|Any CPU
		{E842DF74-213C-4FE6-84A3-B0D50473C88A}.Release|Any CPU.ActiveCfg = Release|Any CPU
		{E842DF74-213C-4FE6-84A3-B0D50473C88A}.Release|Any CPU.Build.0 = Release|Any CPU
	EndGlobalSection
	GlobalSection(SolutionProperties) = preSolution
		HideSolutionNode = FALSE
	EndGlobalSection
	GlobalSection(ExtensibilityGlobals) = postSolution
		SolutionGuid = {9FE2DD15-C121-4091-891E-2234D50C060A}
	EndGlobalSection
EndGlobal
